{
  "name": "student-scores-frontend",
  "version": "1.0.0",
  "lockfileVersion": 2,
  "requires": true,
  "dependencies": {
    "ember-cli": {
      "version": "5.3.0",
      "resolved": "https://registry.npmjs.org/ember-cli/-/ember-cli-5.3.0.tgz",
    },
    "ember-source": {
      "version": "5.3.0",
      "resolved": "https://registry.npmjs.org/ember-source/-/ember-source-5.3.0.tgz",
    }
  }
}
